
Microsoft Visual Studio Solution File, Format Version 12.00
# Visual Studio Version 16
VisualStudioVersion = 16.0.29709.97
MinimumVisualStudioVersion = 10.0.40219.1
Project("{8BC9CEB8-8B4A-11D0-8D11-00A0C91BC942}") = "SP_1_R", "SP_1_R\SP_1_R.vcxproj", "{54D7186C-0042-44D6-908D-5EF0FD795E92}"
EndProject
Project("{8BC9CEB8-8B4A-11D0-8D11-00A0C91BC942}") = "SP_2_pt1", "SP_2_pt1\SP_2_pt1.vcxproj", "{7DC0E0D9-4A35-4F61-991B-562834836E90}"
EndProject
Project("{8BC9CEB8-8B4A-11D0-8D11-00A0C91BC942}") = "SP_2_pt2", "SP_2_pt2\SP_2_pt2.vcxproj", "{6AA86870-ED5A-4FA7-9D0B-4A7EDA9AE9F5}"
EndProject
Project("{8BC9CEB8-8B4A-11D0-8D11-00A0C91BC942}") = "SP_3_pt1", "SP_3_pt1\SP_3_pt1.vcxproj", "{C6294D7C-0D79-48C9-AAFA-D9EFD6588910}"
EndProject
Project("{8BC9CEB8-8B4A-11D0-8D11-00A0C91BC942}") = "SP_3_pt2", "SP_3_pt2\SP_3_pt2.vcxproj", "{26878012-060F-4B37-B4AD-8E3FEC3CF61A}"
EndProject
Project("{8BC9CEB8-8B4A-11D0-8D11-00A0C91BC942}") = "SP_4_pt1", "SP_4_pt1\SP_4_pt1.vcxproj", "{11605C64-BAD9-46C6-82E9-8964456BF518}"
EndProject
Project("{8BC9CEB8-8B4A-11D0-8D11-00A0C91BC942}") = "SP_4_pt2", "SP_4_pt2\SP_4_pt2.vcxproj", "{9FDE30F1-EBBF-45CF-ADBE-837B2D715FC1}"
EndProject
Project("{8BC9CEB8-8B4A-11D0-8D11-00A0C91BC942}") = "SP_5_pt1", "SP_5_pt1\SP_5_pt1.vcxproj", "{141E3C05-B4CA-4FD3-9EB1-EC59D0AF618F}"
EndProject
Project("{8BC9CEB8-8B4A-11D0-8D11-00A0C91BC942}") = "SP_5_pt2", "SP_5_pt2\SP_5_pt2.vcxproj", "{87CAE566-361C-4003-8638-F7DE010BABC8}"
EndProject
Project("{8BC9CEB8-8B4A-11D0-8D11-00A0C91BC942}") = "SP_5_pt3", "SP_5_pt3\SP_5_pt3.vcxproj", "{B99E018D-2B19-42C0-9690-C3A614BD1B8A}"
EndProject
Global
	GlobalSection(SolutionConfigurationPlatforms) = preSolution
		Debug|x64 = Debug|x64
		Debug|x86 = Debug|x86
		Release|x64 = Release|x64
		Release|x86 = Release|x86
	EndGlobalSection
	GlobalSection(ProjectConfigurationPlatforms) = postSolution
		{54D7186C-0042-44D6-908D-5EF0FD795E92}.Debug|x64.ActiveCfg = Debug|x64
		{54D7186C-0042-44D6-908D-5EF0FD795E92}.Debug|x64.Build.0 = Debug|x64
		{54D7186C-0042-44D6-908D-5EF0FD795E92}.Debug|x86.ActiveCfg = Debug|Win32
		{54D7186C-0042-44D6-908D-5EF0FD795E92}.Debug|x86.Build.0 = Debug|Win32
		{54D7186C-0042-44D6-908D-5EF0FD795E92}.Release|x64.ActiveCfg = Release|x64
		{54D7186C-0042-44D6-908D-5EF0FD795E92}.Release|x64.Build.0 = Release|x64
		{54D7186C-0042-44D6-908D-5EF0FD795E92}.Release|x86.ActiveCfg = Release|Win32
		{54D7186C-0042-44D6-908D-5EF0FD795E92}.Release|x86.Build.0 = Release|Win32
		{7DC0E0D9-4A35-4F61-991B-562834836E90}.Debug|x64.ActiveCfg = Debug|x64
		{7DC0E0D9-4A35-4F61-991B-562834836E90}.Debug|x64.Build.0 = Debug|x64
		{7DC0E0D9-4A35-4F61-991B-562834836E90}.Debug|x86.ActiveCfg = Debug|Win32
		{7DC0E0D9-4A35-4F61-991B-562834836E90}.Debug|x86.Build.0 = Debug|Win32
		{7DC0E0D9-4A35-4F61-991B-562834836E90}.Release|x64.ActiveCfg = Release|x64
		{7DC0E0D9-4A35-4F61-991B-562834836E90}.Release|x64.Build.0 = Release|x64
		{7DC0E0D9-4A35-4F61-991B-562834836E90}.Release|x86.ActiveCfg = Release|Win32
		{7DC0E0D9-4A35-4F61-991B-562834836E90}.Release|x86.Build.0 = Release|Win32
		{6AA86870-ED5A-4FA7-9D0B-4A7EDA9AE9F5}.Debug|x64.ActiveCfg = Debug|x64
		{6AA86870-ED5A-4FA7-9D0B-4A7EDA9AE9F5}.Debug|x64.Build.0 = Debug|x64
		{6AA86870-ED5A-4FA7-9D0B-4A7EDA9AE9F5}.Debug|x86.ActiveCfg = Debug|Win32
		{6AA86870-ED5A-4FA7-9D0B-4A7EDA9AE9F5}.Debug|x86.Build.0 = Debug|Win32
		{6AA86870-ED5A-4FA7-9D0B-4A7EDA9AE9F5}.Release|x64.ActiveCfg = Release|x64
		{6AA86870-ED5A-4FA7-9D0B-4A7EDA9AE9F5}.Release|x64.Build.0 = Release|x64
		{6AA86870-ED5A-4FA7-9D0B-4A7EDA9AE9F5}.Release|x86.ActiveCfg = Release|Win32
		{6AA86870-ED5A-4FA7-9D0B-4A7EDA9AE9F5}.Release|x86.Build.0 = Release|Win32
		{C6294D7C-0D79-48C9-AAFA-D9EFD6588910}.Debug|x64.ActiveCfg = Debug|x64
		{C6294D7C-0D79-48C9-AAFA-D9EFD6588910}.Debug|x64.Build.0 = Debug|x64
		{C6294D7C-0D79-48C9-AAFA-D9EFD6588910}.Debug|x86.ActiveCfg = Debug|Win32
		{C6294D7C-0D79-48C9-AAFA-D9EFD6588910}.Debug|x86.Build.0 = Debug|Win32
		{C6294D7C-0D79-48C9-AAFA-D9EFD6588910}.Release|x64.ActiveCfg = Release|x64
		{C6294D7C-0D79-48C9-AAFA-D9EFD6588910}.Release|x64.Build.0 = Release|x64
		{C6294D7C-0D79-48C9-AAFA-D9EFD6588910}.Release|x86.ActiveCfg = Release|Win32
		{C6294D7C-0D79-48C9-AAFA-D9EFD6588910}.Release|x86.Build.0 = Release|Win32
		{26878012-060F-4B37-B4AD-8E3FEC3CF61A}.Debug|x64.ActiveCfg = Debug|x64
		{26878012-060F-4B37-B4AD-8E3FEC3CF61A}.Debug|x64.Build.0 = Debug|x64
		{26878012-060F-4B37-B4AD-8E3FEC3CF61A}.Debug|x86.ActiveCfg = Debug|Win32
		{26878012-060F-4B37-B4AD-8E3FEC3CF61A}.Debug|x86.Build.0 = Debug|Win32
		{26878012-060F-4B37-B4AD-8E3FEC3CF61A}.Release|x64.ActiveCfg = Release|x64
		{26878012-060F-4B37-B4AD-8E3FEC3CF61A}.Release|x64.Build.0 = Release|x64
		{26878012-060F-4B37-B4AD-8E3FEC3CF61A}.Release|x86.ActiveCfg = Release|Win32
		{26878012-060F-4B37-B4AD-8E3FEC3CF61A}.Release|x86.Build.0 = Release|Win32
		{11605C64-BAD9-46C6-82E9-8964456BF518}.Debug|x64.ActiveCfg = Debug|x64
		{11605C64-BAD9-46C6-82E9-8964456BF518}.Debug|x64.Build.0 = Debug|x64
		{11605C64-BAD9-46C6-82E9-8964456BF518}.Debug|x86.ActiveCfg = Debug|Win32
		{11605C64-BAD9-46C6-82E9-8964456BF518}.Debug|x86.Build.0 = Debug|Win32
		{11605C64-BAD9-46C6-82E9-8964456BF518}.Release|x64.ActiveCfg = Release|x64
		{11605C64-BAD9-46C6-82E9-8964456BF518}.Release|x64.Build.0 = Release|x64
		{11605C64-BAD9-46C6-82E9-8964456BF518}.Release|x86.ActiveCfg = Release|Win32
		{11605C64-BAD9-46C6-82E9-8964456BF518}.Release|x86.Build.0 = Release|Win32
		{9FDE30F1-EBBF-45CF-ADBE-837B2D715FC1}.Debug|x64.ActiveCfg = Debug|x64
		{9FDE30F1-EBBF-45CF-ADBE-837B2D715FC1}.Debug|x64.Build.0 = Debug|x64
		{9FDE30F1-EBBF-45CF-ADBE-837B2D715FC1}.Debug|x86.ActiveCfg = Debug|Win32
		{9FDE30F1-EBBF-45CF-ADBE-837B2D715FC1}.Debug|x86.Build.0 = Debug|Win32
		{9FDE30F1-EBBF-45CF-ADBE-837B2D715FC1}.Release|x64.ActiveCfg = Release|x64
		{9FDE30F1-EBBF-45CF-ADBE-837B2D715FC1}.Release|x64.Build.0 = Release|x64
		{9FDE30F1-EBBF-45CF-ADBE-837B2D715FC1}.Release|x86.ActiveCfg = Release|Win32
		{9FDE30F1-EBBF-45CF-ADBE-837B2D715FC1}.Release|x86.Build.0 = Release|Win32
		{141E3C05-B4CA-4FD3-9EB1-EC59D0AF618F}.Debug|x64.ActiveCfg = Debug|x64
		{141E3C05-B4CA-4FD3-9EB1-EC59D0AF618F}.Debug|x64.Build.0 = Debug|x64
		{141E3C05-B4CA-4FD3-9EB1-EC59D0AF618F}.Debug|x86.ActiveCfg = Debug|Win32
		{141E3C05-B4CA-4FD3-9EB1-EC59D0AF618F}.Debug|x86.Build.0 = Debug|Win32
		{141E3C05-B4CA-4FD3-9EB1-EC59D0AF618F}.Release|x64.ActiveCfg = Release|x64
		{141E3C05-B4CA-4FD3-9EB1-EC59D0AF618F}.Release|x64.Build.0 = Release|x64
		{141E3C05-B4CA-4FD3-9EB1-EC59D0AF618F}.Release|x86.ActiveCfg = Release|Win32
		{141E3C05-B4CA-4FD3-9EB1-EC59D0AF618F}.Release|x86.Build.0 = Release|Win32
		{87CAE566-361C-4003-8638-F7DE010BABC8}.Debug|x64.ActiveCfg = Debug|x64
		{87CAE566-361C-4003-8638-F7DE010BABC8}.Debug|x64.Build.0 = Debug|x64
		{87CAE566-361C-4003-8638-F7DE010BABC8}.Debug|x86.ActiveCfg = Debug|Win32
		{87CAE566-361C-4003-8638-F7DE010BABC8}.Debug|x86.Build.0 = Debug|Win32
		{87CAE566-361C-4003-8638-F7DE010BABC8}.Release|x64.ActiveCfg = Release|x64
		{87CAE566-361C-4003-8638-F7DE010BABC8}.Release|x64.Build.0 = Release|x64
		{87CAE566-361C-4003-8638-F7DE010BABC8}.Release|x86.ActiveCfg = Release|Win32
		{87CAE566-361C-4003-8638-F7DE010BABC8}.Release|x86.Build.0 = Release|Win32
		{B99E018D-2B19-42C0-9690-C3A614BD1B8A}.Debug|x64.ActiveCfg = Debug|x64
		{B99E018D-2B19-42C0-9690-C3A614BD1B8A}.Debug|x64.Build.0 = Debug|x64
		{B99E018D-2B19-42C0-9690-C3A614BD1B8A}.Debug|x86.ActiveCfg = Debug|Win32
		{B99E018D-2B19-42C0-9690-C3A614BD1B8A}.Debug|x86.Build.0 = Debug|Win32
		{B99E018D-2B19-42C0-9690-C3A614BD1B8A}.Release|x64.ActiveCfg = Release|x64
		{B99E018D-2B19-42C0-9690-C3A614BD1B8A}.Release|x64.Build.0 = Release|x64
		{B99E018D-2B19-42C0-9690-C3A614BD1B8A}.Release|x86.ActiveCfg = Release|Win32
		{B99E018D-2B19-42C0-9690-C3A614BD1B8A}.Release|x86.Build.0 = Release|Win32
	EndGlobalSection
	GlobalSection(SolutionProperties) = preSolution
		HideSolutionNode = FALSE
	EndGlobalSection
	GlobalSection(ExtensibilityGlobals) = postSolution
		SolutionGuid = {BAC37362-06DE-4039-9937-B61484484832}
	EndGlobalSection
EndGlobal
